
Microsoft Visual Studio Solution File, Format Version 12.00
# Visual Studio Version 17
VisualStudioVersion = 17.4.33213.308
MinimumVisualStudioVersion = 10.0.40219.1
Project("{9A19103F-16F7-4668-BE54-9A1E7A4F7556}") = "GPT_Web_Api_Lambda", "GPT_Web_Api_Lambda\GPT_Web_Api_Lambda.csproj", "{630A39F8-0A5F-43AB-8686-1A39BB9D9AEF}"
EndProject
Global
	GlobalSection(SolutionConfigurationPlatforms) = preSolution
		Debug|Any CPU = Debug|Any CPU
		Release|Any CPU = Release|Any CPU
	EndGlobalSection
	GlobalSection(ProjectConfigurationPlatforms) = postSolution
		{630A39F8-0A5F-43AB-8686-1A39BB9D9AEF}.Debug|Any CPU.ActiveCfg = Debug|Any CPU
		{630A39F8-0A5F-43AB-8686-1A39BB9D9AEF}.Debug|Any CPU.Build.0 = Debug|Any CPU
		{630A39F8-0A5F-43AB-8686-1A39BB9D9AEF}.Release|Any CPU.ActiveCfg = Release|Any CPU
		{630A39F8-0A5F-43AB-8686-1A39BB9D9AEF}.Release|Any CPU.Build.0 = Release|Any CPU
	EndGlobalSection
	GlobalSection(SolutionProperties) = preSolution
		HideSolutionNode = FALSE
	EndGlobalSection
	GlobalSection(ExtensibilityGlobals) = postSolution
		SolutionGuid = {03D8EE23-5437-4CD5-AF8D-E4AF207FFB31}
	EndGlobalSection
EndGlobal
